<Solution>
  <Folder Name="/src/">
    <Project Path="src/AppHost/AppHost.csproj" />
    <Project Path="src/LoginServer/LoginServer.csproj" />
    <Project Path="src/CharServer/CharServer.csproj" />
    <Project Path="src/MapServer/MapServer.csproj" />
  </Folder>

  <Folder Name="/tests/">
    <Project Path="tests/LoginServer.Tests/LoginServer.Tests.csproj" />
    <Project Path="tests/MapServer.Tests/MapServer.Tests.csproj" />
    <Project Path="tests/CharServer.Tests/CharServer.Tests.csproj" />
    <Project Path="tests/WorldDataImporter.Tests/WorldDataImporter.Tests.csproj" />
  </Folder>

  <Folder Name="/tools/">
    <Project Path="tools/WorldDataImporter/WorldDataImporter.csproj" />
  </Folder>
</Solution>
