
Microsoft Visual Studio Solution File, Format Version 12.00
# Visual Studio Version 17
VisualStudioVersion = 17.0.31903.59
MinimumVisualStudioVersion = 10.0.40219.1
Project("{2150E333-8FDC-42A3-9474-1A3956D46DE8}") = "src", "src", "{827E0CD3-B72D-47B6-A68D-7590B98EB39B}"
EndProject
Project("{FAE04EC0-301F-11D3-BF4B-00C04F79EFBC}") = "AppHost", "src\AppHost\AppHost.csproj", "{94667A95-FD3F-43CF-A337-C98307855449}"
EndProject
Project("{FAE04EC0-301F-11D3-BF4B-00C04F79EFBC}") = "LoginServer", "src\LoginServer\LoginServer.csproj", "{FC487267-5BD5-4D8F-A8C6-32801C54B822}"
EndProject
Project("{FAE04EC0-301F-11D3-BF4B-00C04F79EFBC}") = "CharServer", "src\CharServer\CharServer.csproj", "{6FEEC1FD-E62E-47C3-A146-730139DEEF19}"
EndProject
Project("{2150E333-8FDC-42A3-9474-1A3956D46DE8}") = "tests", "tests", "{0AB3BF05-4346-4AA6-1389-037BE0695223}"
EndProject
Project("{FAE04EC0-301F-11D3-BF4B-00C04F79EFBC}") = "LoginServer.Tests", "tests\LoginServer.Tests\LoginServer.Tests.csproj", "{6300C583-DF31-491B-830E-4234E1AFBB9A}"
EndProject
Project("{FAE04EC0-301F-11D3-BF4B-00C04F79EFBC}") = "MapServer", "src\MapServer\MapServer.csproj", "{32BC592C-C824-4280-A5F6-1DB506A891A1}"
EndProject
Project("{FAE04EC0-301F-11D3-BF4B-00C04F79EFBC}") = "MapServer.Tests", "tests\MapServer.Tests\MapServer.Tests.csproj", "{20B08AC0-C94E-4D46-8994-0E9B01483E46}"
EndProject
Project("{FAE04EC0-301F-11D3-BF4B-00C04F79EFBC}") = "CharServer.Tests", "tests\CharServer.Tests\CharServer.Tests.csproj", "{921DA70F-2F90-4EC6-B023-C2783948AD73}"
EndProject
Project("{2150E333-8FDC-42A3-9474-1A3956D46DE8}") = "tools", "tools", "{07C2787E-EAC7-C090-1BA3-A61EC2A24D84}"
EndProject
Project("{FAE04EC0-301F-11D3-BF4B-00C04F79EFBC}") = "WorldDataImporter", "tools\WorldDataImporter\WorldDataImporter.csproj", "{BEFBE5ED-B869-45C6-A41F-8333B13A5E82}"
EndProject
Project("{FAE04EC0-301F-11D3-BF4B-00C04F79EFBC}") = "WorldDataImporter.Tests", "tests\WorldDataImporter.Tests\WorldDataImporter.Tests.csproj", "{AD6154EC-C45E-4943-B38F-CAF72E6ABDE0}"
EndProject
Project("{2150E333-8FDC-42A3-9474-1A3956D46DE8}") = "WorldServer", "WorldServer", "{704BA96F-EA74-A094-43EF-217FE765E449}"
EndProject
Project("{FAE04EC0-301F-11D3-BF4B-00C04F79EFBC}") = "Athena.World.Contracts", "src\WorldServer\Athena.World.Contracts\Athena.World.Contracts.csproj", "{57D54945-9ECA-49C1-ADA2-F51D2D042942}"
EndProject
Project("{FAE04EC0-301F-11D3-BF4B-00C04F79EFBC}") = "Athena.World.Runtime", "src\WorldServer\Athena.World.Runtime\Athena.World.Runtime.csproj", "{1F82A34F-708E-4ABC-8115-EFA9AB76938E}"
EndProject
Project("{FAE04EC0-301F-11D3-BF4B-00C04F79EFBC}") = "Athena.World", "src\WorldServer\Athena.World\Athena.World.csproj", "{47EFC9EC-D9D4-49E4-A93A-AA421735676A}"
EndProject
Project("{FAE04EC0-301F-11D3-BF4B-00C04F79EFBC}") = "World.Tests", "tests\World.Tests\World.Tests.csproj", "{59E206F9-B41D-4260-9725-2893798407FC}"
EndProject
Project("{FAE04EC0-301F-11D3-BF4B-00C04F79EFBC}") = "Athena.World.Monsters", "src\WorldServer\Athena.World.Monsters\Athena.World.Monsters.csproj", "{7C5417F9-E336-4595-9236-8A716BB5F4EE}"
EndProject
Global
	GlobalSection(SolutionConfigurationPlatforms) = preSolution
		Debug|Any CPU = Debug|Any CPU
		Debug|x64 = Debug|x64
		Debug|x86 = Debug|x86
		Release|Any CPU = Release|Any CPU
		Release|x64 = Release|x64
		Release|x86 = Release|x86
	EndGlobalSection
	GlobalSection(ProjectConfigurationPlatforms) = postSolution
		{94667A95-FD3F-43CF-A337-C98307855449}.Debug|Any CPU.ActiveCfg = Debug|Any CPU
		{94667A95-FD3F-43CF-A337-C98307855449}.Debug|Any CPU.Build.0 = Debug|Any CPU
		{94667A95-FD3F-43CF-A337-C98307855449}.Debug|x64.ActiveCfg = Debug|Any CPU
		{94667A95-FD3F-43CF-A337-C98307855449}.Debug|x64.Build.0 = Debug|Any CPU
		{94667A95-FD3F-43CF-A337-C98307855449}.Debug|x86.ActiveCfg = Debug|Any CPU
		{94667A95-FD3F-43CF-A337-C98307855449}.Debug|x86.Build.0 = Debug|Any CPU
		{94667A95-FD3F-43CF-A337-C98307855449}.Release|Any CPU.ActiveCfg = Release|Any CPU
		{94667A95-FD3F-43CF-A337-C98307855449}.Release|Any CPU.Build.0 = Release|Any CPU
		{94667A95-FD3F-43CF-A337-C98307855449}.Release|x64.ActiveCfg = Release|Any CPU
		{94667A95-FD3F-43CF-A337-C98307855449}.Release|x64.Build.0 = Release|Any CPU
		{94667A95-FD3F-43CF-A337-C98307855449}.Release|x86.ActiveCfg = Release|Any CPU
		{94667A95-FD3F-43CF-A337-C98307855449}.Release|x86.Build.0 = Release|Any CPU
		{FC487267-5BD5-4D8F-A8C6-32801C54B822}.Debug|Any CPU.ActiveCfg = Debug|Any CPU
		{FC487267-5BD5-4D8F-A8C6-32801C54B822}.Debug|Any CPU.Build.0 = Debug|Any CPU
		{FC487267-5BD5-4D8F-A8C6-32801C54B822}.Debug|x64.ActiveCfg = Debug|Any CPU
		{FC487267-5BD5-4D8F-A8C6-32801C54B822}.Debug|x64.Build.0 = Debug|Any CPU
		{FC487267-5BD5-4D8F-A8C6-32801C54B822}.Debug|x86.ActiveCfg = Debug|Any CPU
		{FC487267-5BD5-4D8F-A8C6-32801C54B822}.Debug|x86.Build.0 = Debug|Any CPU
		{FC487267-5BD5-4D8F-A8C6-32801C54B822}.Release|Any CPU.ActiveCfg = Release|Any CPU
		{FC487267-5BD5-4D8F-A8C6-32801C54B822}.Release|Any CPU.Build.0 = Release|Any CPU
		{FC487267-5BD5-4D8F-A8C6-32801C54B822}.Release|x64.ActiveCfg = Release|Any CPU
		{FC487267-5BD5-4D8F-A8C6-32801C54B822}.Release|x64.Build.0 = Release|Any CPU
		{FC487267-5BD5-4D8F-A8C6-32801C54B822}.Release|x86.ActiveCfg = Release|Any CPU
		{FC487267-5BD5-4D8F-A8C6-32801C54B822}.Release|x86.Build.0 = Release|Any CPU
		{6FEEC1FD-E62E-47C3-A146-730139DEEF19}.Debug|Any CPU.ActiveCfg = Debug|Any CPU
		{6FEEC1FD-E62E-47C3-A146-730139DEEF19}.Debug|Any CPU.Build.0 = Debug|Any CPU
		{6FEEC1FD-E62E-47C3-A146-730139DEEF19}.Debug|x64.ActiveCfg = Debug|Any CPU
		{6FEEC1FD-E62E-47C3-A146-730139DEEF19}.Debug|x64.Build.0 = Debug|Any CPU
		{6FEEC1FD-E62E-47C3-A146-730139DEEF19}.Debug|x86.ActiveCfg = Debug|Any CPU
		{6FEEC1FD-E62E-47C3-A146-730139DEEF19}.Debug|x86.Build.0 = Debug|Any CPU
		{6FEEC1FD-E62E-47C3-A146-730139DEEF19}.Release|Any CPU.ActiveCfg = Release|Any CPU
		{6FEEC1FD-E62E-47C3-A146-730139DEEF19}.Release|Any CPU.Build.0 = Release|Any CPU
		{6FEEC1FD-E62E-47C3-A146-730139DEEF19}.Release|x64.ActiveCfg = Release|Any CPU
		{6FEEC1FD-E62E-47C3-A146-730139DEEF19}.Release|x64.Build.0 = Release|Any CPU
		{6FEEC1FD-E62E-47C3-A146-730139DEEF19}.Release|x86.ActiveCfg = Release|Any CPU
		{6FEEC1FD-E62E-47C3-A146-730139DEEF19}.Release|x86.Build.0 = Release|Any CPU
		{6300C583-DF31-491B-830E-4234E1AFBB9A}.Debug|Any CPU.ActiveCfg = Debug|Any CPU
		{6300C583-DF31-491B-830E-4234E1AFBB9A}.Debug|Any CPU.Build.0 = Debug|Any CPU
		{6300C583-DF31-491B-830E-4234E1AFBB9A}.Debug|x64.ActiveCfg = Debug|Any CPU
		{6300C583-DF31-491B-830E-4234E1AFBB9A}.Debug|x64.Build.0 = Debug|Any CPU
		{6300C583-DF31-491B-830E-4234E1AFBB9A}.Debug|x86.ActiveCfg = Debug|Any CPU
		{6300C583-DF31-491B-830E-4234E1AFBB9A}.Debug|x86.Build.0 = Debug|Any CPU
		{6300C583-DF31-491B-830E-4234E1AFBB9A}.Release|Any CPU.ActiveCfg = Release|Any CPU
		{6300C583-DF31-491B-830E-4234E1AFBB9A}.Release|Any CPU.Build.0 = Release|Any CPU
		{6300C583-DF31-491B-830E-4234E1AFBB9A}.Release|x64.ActiveCfg = Release|Any CPU
		{6300C583-DF31-491B-830E-4234E1AFBB9A}.Release|x64.Build.0 = Release|Any CPU
		{6300C583-DF31-491B-830E-4234E1AFBB9A}.Release|x86.ActiveCfg = Release|Any CPU
		{6300C583-DF31-491B-830E-4234E1AFBB9A}.Release|x86.Build.0 = Release|Any CPU
		{32BC592C-C824-4280-A5F6-1DB506A891A1}.Debug|Any CPU.ActiveCfg = Debug|Any CPU
		{32BC592C-C824-4280-A5F6-1DB506A891A1}.Debug|Any CPU.Build.0 = Debug|Any CPU
		{32BC592C-C824-4280-A5F6-1DB506A891A1}.Debug|x64.ActiveCfg = Debug|Any CPU
		{32BC592C-C824-4280-A5F6-1DB506A891A1}.Debug|x64.Build.0 = Debug|Any CPU
		{32BC592C-C824-4280-A5F6-1DB506A891A1}.Debug|x86.ActiveCfg = Debug|Any CPU
		{32BC592C-C824-4280-A5F6-1DB506A891A1}.Debug|x86.Build.0 = Debug|Any CPU
		{32BC592C-C824-4280-A5F6-1DB506A891A1}.Release|Any CPU.ActiveCfg = Release|Any CPU
		{32BC592C-C824-4280-A5F6-1DB506A891A1}.Release|Any CPU.Build.0 = Release|Any CPU
		{32BC592C-C824-4280-A5F6-1DB506A891A1}.Release|x64.ActiveCfg = Release|Any CPU
		{32BC592C-C824-4280-A5F6-1DB506A891A1}.Release|x64.Build.0 = Release|Any CPU
		{32BC592C-C824-4280-A5F6-1DB506A891A1}.Release|x86.ActiveCfg = Release|Any CPU
		{32BC592C-C824-4280-A5F6-1DB506A891A1}.Release|x86.Build.0 = Release|Any CPU
		{20B08AC0-C94E-4D46-8994-0E9B01483E46}.Debug|Any CPU.ActiveCfg = Debug|Any CPU
		{20B08AC0-C94E-4D46-8994-0E9B01483E46}.Debug|Any CPU.Build.0 = Debug|Any CPU
		{20B08AC0-C94E-4D46-8994-0E9B01483E46}.Debug|x64.ActiveCfg = Debug|Any CPU
		{20B08AC0-C94E-4D46-8994-0E9B01483E46}.Debug|x64.Build.0 = Debug|Any CPU
		{20B08AC0-C94E-4D46-8994-0E9B01483E46}.Debug|x86.ActiveCfg = Debug|Any CPU
		{20B08AC0-C94E-4D46-8994-0E9B01483E46}.Debug|x86.Build.0 = Debug|Any CPU
		{20B08AC0-C94E-4D46-8994-0E9B01483E46}.Release|Any CPU.ActiveCfg = Release|Any CPU
		{20B08AC0-C94E-4D46-8994-0E9B01483E46}.Release|Any CPU.Build.0 = Release|Any CPU
		{20B08AC0-C94E-4D46-8994-0E9B01483E46}.Release|x64.ActiveCfg = Release|Any CPU
		{20B08AC0-C94E-4D46-8994-0E9B01483E46}.Release|x64.Build.0 = Release|Any CPU
		{20B08AC0-C94E-4D46-8994-0E9B01483E46}.Release|x86.ActiveCfg = Release|Any CPU
		{20B08AC0-C94E-4D46-8994-0E9B01483E46}.Release|x86.Build.0 = Release|Any CPU
		{921DA70F-2F90-4EC6-B023-C2783948AD73}.Debug|Any CPU.ActiveCfg = Debug|Any CPU
		{921DA70F-2F90-4EC6-B023-C2783948AD73}.Debug|Any CPU.Build.0 = Debug|Any CPU
		{921DA70F-2F90-4EC6-B023-C2783948AD73}.Release|Any CPU.ActiveCfg = Release|Any CPU
		{921DA70F-2F90-4EC6-B023-C2783948AD73}.Release|Any CPU.Build.0 = Release|Any CPU
		{BEFBE5ED-B869-45C6-A41F-8333B13A5E82}.Debug|Any CPU.ActiveCfg = Debug|Any CPU
		{BEFBE5ED-B869-45C6-A41F-8333B13A5E82}.Debug|Any CPU.Build.0 = Debug|Any CPU
		{BEFBE5ED-B869-45C6-A41F-8333B13A5E82}.Debug|x64.ActiveCfg = Debug|Any CPU
		{BEFBE5ED-B869-45C6-A41F-8333B13A5E82}.Debug|x64.Build.0 = Debug|Any CPU
		{BEFBE5ED-B869-45C6-A41F-8333B13A5E82}.Debug|x86.ActiveCfg = Debug|Any CPU
		{BEFBE5ED-B869-45C6-A41F-8333B13A5E82}.Debug|x86.Build.0 = Debug|Any CPU
		{BEFBE5ED-B869-45C6-A41F-8333B13A5E82}.Release|Any CPU.ActiveCfg = Release|Any CPU
		{BEFBE5ED-B869-45C6-A41F-8333B13A5E82}.Release|Any CPU.Build.0 = Release|Any CPU
		{BEFBE5ED-B869-45C6-A41F-8333B13A5E82}.Release|x64.ActiveCfg = Release|Any CPU
		{BEFBE5ED-B869-45C6-A41F-8333B13A5E82}.Release|x64.Build.0 = Release|Any CPU
		{BEFBE5ED-B869-45C6-A41F-8333B13A5E82}.Release|x86.ActiveCfg = Release|Any CPU
		{BEFBE5ED-B869-45C6-A41F-8333B13A5E82}.Release|x86.Build.0 = Release|Any CPU
		{AD6154EC-C45E-4943-B38F-CAF72E6ABDE0}.Debug|Any CPU.ActiveCfg = Debug|Any CPU
		{AD6154EC-C45E-4943-B38F-CAF72E6ABDE0}.Debug|Any CPU.Build.0 = Debug|Any CPU
		{AD6154EC-C45E-4943-B38F-CAF72E6ABDE0}.Debug|x64.ActiveCfg = Debug|Any CPU
		{AD6154EC-C45E-4943-B38F-CAF72E6ABDE0}.Debug|x64.Build.0 = Debug|Any CPU
		{AD6154EC-C45E-4943-B38F-CAF72E6ABDE0}.Debug|x86.ActiveCfg = Debug|Any CPU
		{AD6154EC-C45E-4943-B38F-CAF72E6ABDE0}.Debug|x86.Build.0 = Debug|Any CPU
		{AD6154EC-C45E-4943-B38F-CAF72E6ABDE0}.Release|Any CPU.ActiveCfg = Release|Any CPU
		{AD6154EC-C45E-4943-B38F-CAF72E6ABDE0}.Release|Any CPU.Build.0 = Release|Any CPU
		{AD6154EC-C45E-4943-B38F-CAF72E6ABDE0}.Release|x64.ActiveCfg = Release|Any CPU
		{AD6154EC-C45E-4943-B38F-CAF72E6ABDE0}.Release|x64.Build.0 = Release|Any CPU
		{AD6154EC-C45E-4943-B38F-CAF72E6ABDE0}.Release|x86.ActiveCfg = Release|Any CPU
		{AD6154EC-C45E-4943-B38F-CAF72E6ABDE0}.Release|x86.Build.0 = Release|Any CPU
		{57D54945-9ECA-49C1-ADA2-F51D2D042942}.Debug|Any CPU.ActiveCfg = Debug|Any CPU
		{57D54945-9ECA-49C1-ADA2-F51D2D042942}.Debug|Any CPU.Build.0 = Debug|Any CPU
		{57D54945-9ECA-49C1-ADA2-F51D2D042942}.Debug|x64.ActiveCfg = Debug|Any CPU
		{57D54945-9ECA-49C1-ADA2-F51D2D042942}.Debug|x64.Build.0 = Debug|Any CPU
		{57D54945-9ECA-49C1-ADA2-F51D2D042942}.Debug|x86.ActiveCfg = Debug|Any CPU
		{57D54945-9ECA-49C1-ADA2-F51D2D042942}.Debug|x86.Build.0 = Debug|Any CPU
		{57D54945-9ECA-49C1-ADA2-F51D2D042942}.Release|Any CPU.ActiveCfg = Release|Any CPU
		{57D54945-9ECA-49C1-ADA2-F51D2D042942}.Release|Any CPU.Build.0 = Release|Any CPU
		{57D54945-9ECA-49C1-ADA2-F51D2D042942}.Release|x64.ActiveCfg = Release|Any CPU
		{57D54945-9ECA-49C1-ADA2-F51D2D042942}.Release|x64.Build.0 = Release|Any CPU
		{57D54945-9ECA-49C1-ADA2-F51D2D042942}.Release|x86.ActiveCfg = Release|Any CPU
		{57D54945-9ECA-49C1-ADA2-F51D2D042942}.Release|x86.Build.0 = Release|Any CPU
		{1F82A34F-708E-4ABC-8115-EFA9AB76938E}.Debug|Any CPU.ActiveCfg = Debug|Any CPU
		{1F82A34F-708E-4ABC-8115-EFA9AB76938E}.Debug|Any CPU.Build.0 = Debug|Any CPU
		{1F82A34F-708E-4ABC-8115-EFA9AB76938E}.Debug|x64.ActiveCfg = Debug|Any CPU
		{1F82A34F-708E-4ABC-8115-EFA9AB76938E}.Debug|x64.Build.0 = Debug|Any CPU
		{1F82A34F-708E-4ABC-8115-EFA9AB76938E}.Debug|x86.ActiveCfg = Debug|Any CPU
		{1F82A34F-708E-4ABC-8115-EFA9AB76938E}.Debug|x86.Build.0 = Debug|Any CPU
		{1F82A34F-708E-4ABC-8115-EFA9AB76938E}.Release|Any CPU.ActiveCfg = Release|Any CPU
		{1F82A34F-708E-4ABC-8115-EFA9AB76938E}.Release|Any CPU.Build.0 = Release|Any CPU
		{1F82A34F-708E-4ABC-8115-EFA9AB76938E}.Release|x64.ActiveCfg = Release|Any CPU
		{1F82A34F-708E-4ABC-8115-EFA9AB76938E}.Release|x64.Build.0 = Release|Any CPU
		{1F82A34F-708E-4ABC-8115-EFA9AB76938E}.Release|x86.ActiveCfg = Release|Any CPU
		{1F82A34F-708E-4ABC-8115-EFA9AB76938E}.Release|x86.Build.0 = Release|Any CPU
		{47EFC9EC-D9D4-49E4-A93A-AA421735676A}.Debug|Any CPU.ActiveCfg = Debug|Any CPU
		{47EFC9EC-D9D4-49E4-A93A-AA421735676A}.Debug|Any CPU.Build.0 = Debug|Any CPU
		{47EFC9EC-D9D4-49E4-A93A-AA421735676A}.Debug|x64.ActiveCfg = Debug|Any CPU
		{47EFC9EC-D9D4-49E4-A93A-AA421735676A}.Debug|x64.Build.0 = Debug|Any CPU
		{47EFC9EC-D9D4-49E4-A93A-AA421735676A}.Debug|x86.ActiveCfg = Debug|Any CPU
		{47EFC9EC-D9D4-49E4-A93A-AA421735676A}.Debug|x86.Build.0 = Debug|Any CPU
		{47EFC9EC-D9D4-49E4-A93A-AA421735676A}.Release|Any CPU.ActiveCfg = Release|Any CPU
		{47EFC9EC-D9D4-49E4-A93A-AA421735676A}.Release|Any CPU.Build.0 = Release|Any CPU
		{47EFC9EC-D9D4-49E4-A93A-AA421735676A}.Release|x64.ActiveCfg = Release|Any CPU
		{47EFC9EC-D9D4-49E4-A93A-AA421735676A}.Release|x64.Build.0 = Release|Any CPU
		{47EFC9EC-D9D4-49E4-A93A-AA421735676A}.Release|x86.ActiveCfg = Release|Any CPU
		{47EFC9EC-D9D4-49E4-A93A-AA421735676A}.Release|x86.Build.0 = Release|Any CPU
		{59E206F9-B41D-4260-9725-2893798407FC}.Debug|Any CPU.ActiveCfg = Debug|Any CPU
		{59E206F9-B41D-4260-9725-2893798407FC}.Debug|Any CPU.Build.0 = Debug|Any CPU
		{59E206F9-B41D-4260-9725-2893798407FC}.Debug|x64.ActiveCfg = Debug|Any CPU
		{59E206F9-B41D-4260-9725-2893798407FC}.Debug|x64.Build.0 = Debug|Any CPU
		{59E206F9-B41D-4260-9725-2893798407FC}.Debug|x86.ActiveCfg = Debug|Any CPU
		{59E206F9-B41D-4260-9725-2893798407FC}.Debug|x86.Build.0 = Debug|Any CPU
		{59E206F9-B41D-4260-9725-2893798407FC}.Release|Any CPU.ActiveCfg = Release|Any CPU
		{59E206F9-B41D-4260-9725-2893798407FC}.Release|Any CPU.Build.0 = Release|Any CPU
		{59E206F9-B41D-4260-9725-2893798407FC}.Release|x64.ActiveCfg = Release|Any CPU
		{59E206F9-B41D-4260-9725-2893798407FC}.Release|x64.Build.0 = Release|Any CPU
		{59E206F9-B41D-4260-9725-2893798407FC}.Release|x86.ActiveCfg = Release|Any CPU
		{59E206F9-B41D-4260-9725-2893798407FC}.Release|x86.Build.0 = Release|Any CPU
		{7C5417F9-E336-4595-9236-8A716BB5F4EE}.Debug|Any CPU.ActiveCfg = Debug|Any CPU
		{7C5417F9-E336-4595-9236-8A716BB5F4EE}.Debug|Any CPU.Build.0 = Debug|Any CPU
		{7C5417F9-E336-4595-9236-8A716BB5F4EE}.Debug|x64.ActiveCfg = Debug|Any CPU
		{7C5417F9-E336-4595-9236-8A716BB5F4EE}.Debug|x64.Build.0 = Debug|Any CPU
		{7C5417F9-E336-4595-9236-8A716BB5F4EE}.Debug|x86.ActiveCfg = Debug|Any CPU
		{7C5417F9-E336-4595-9236-8A716BB5F4EE}.Debug|x86.Build.0 = Debug|Any CPU
		{7C5417F9-E336-4595-9236-8A716BB5F4EE}.Release|Any CPU.ActiveCfg = Release|Any CPU
		{7C5417F9-E336-4595-9236-8A716BB5F4EE}.Release|Any CPU.Build.0 = Release|Any CPU
		{7C5417F9-E336-4595-9236-8A716BB5F4EE}.Release|x64.ActiveCfg = Release|Any CPU
		{7C5417F9-E336-4595-9236-8A716BB5F4EE}.Release|x64.Build.0 = Release|Any CPU
		{7C5417F9-E336-4595-9236-8A716BB5F4EE}.Release|x86.ActiveCfg = Release|Any CPU
		{7C5417F9-E336-4595-9236-8A716BB5F4EE}.Release|x86.Build.0 = Release|Any CPU
	EndGlobalSection
	GlobalSection(SolutionProperties) = preSolution
		HideSolutionNode = FALSE
	EndGlobalSection
	GlobalSection(NestedProjects) = preSolution
		{94667A95-FD3F-43CF-A337-C98307855449} = {827E0CD3-B72D-47B6-A68D-7590B98EB39B}
		{FC487267-5BD5-4D8F-A8C6-32801C54B822} = {827E0CD3-B72D-47B6-A68D-7590B98EB39B}
		{6FEEC1FD-E62E-47C3-A146-730139DEEF19} = {827E0CD3-B72D-47B6-A68D-7590B98EB39B}
		{6300C583-DF31-491B-830E-4234E1AFBB9A} = {0AB3BF05-4346-4AA6-1389-037BE0695223}
		{32BC592C-C824-4280-A5F6-1DB506A891A1} = {827E0CD3-B72D-47B6-A68D-7590B98EB39B}
		{20B08AC0-C94E-4D46-8994-0E9B01483E46} = {0AB3BF05-4346-4AA6-1389-037BE0695223}
		{921DA70F-2F90-4EC6-B023-C2783948AD73} = {0AB3BF05-4346-4AA6-1389-037BE0695223}
		{BEFBE5ED-B869-45C6-A41F-8333B13A5E82} = {07C2787E-EAC7-C090-1BA3-A61EC2A24D84}
		{AD6154EC-C45E-4943-B38F-CAF72E6ABDE0} = {0AB3BF05-4346-4AA6-1389-037BE0695223}
		{704BA96F-EA74-A094-43EF-217FE765E449} = {827E0CD3-B72D-47B6-A68D-7590B98EB39B}
		{57D54945-9ECA-49C1-ADA2-F51D2D042942} = {704BA96F-EA74-A094-43EF-217FE765E449}
		{1F82A34F-708E-4ABC-8115-EFA9AB76938E} = {704BA96F-EA74-A094-43EF-217FE765E449}
		{47EFC9EC-D9D4-49E4-A93A-AA421735676A} = {704BA96F-EA74-A094-43EF-217FE765E449}
		{59E206F9-B41D-4260-9725-2893798407FC} = {0AB3BF05-4346-4AA6-1389-037BE0695223}
		{7C5417F9-E336-4595-9236-8A716BB5F4EE} = {704BA96F-EA74-A094-43EF-217FE765E449}
	EndGlobalSection
EndGlobal
