<Solution>
  <Folder Name="/src/">
    <Project Path="src/AppHost/AppHost.csproj" />
    <Project Path="src/LoginServer/LoginServer.csproj" />
    <Project Path="src/CharServer/CharServer.csproj" />
    <Project Path="src/MapServer/MapServer.csproj" />
  </Folder>

  <Folder Name="/tests/">
    <Project Path="tests/LoginServer.Tests/LoginServer.Tests.csproj" />
    <Project Path="tests/MapServer.Tests/MapServer.Tests.csproj" />
    <Project Path="tests/CharServer.Tests/CharServer.Tests.csproj" />
    <Project Path="tests/WorldDataImporter.Tests/WorldDataImporter.Tests.csproj" />
  </Folder>

  <Folder Name="/tools/">
    <Project Path="tools/WorldDataImporter/WorldDataImporter.csproj" />
    <Project Path="tools/launcher/src/Athena.Launcher/Athena.Launcher.csproj" />
    <Project Path="tools/launcher/src/Athena.Launcher.Core/Athena.Launcher.Core.csproj" />
    <Project Path="tools/launcher/src/Athena.Launcher.Networking/Athena.Launcher.Networking.csproj" />
    <Project Path="tools/launcher/src/Athena.Launcher.Watchdog/Athena.Launcher.Watchdog.csproj" />
    <Project Path="tools/launcher/tests/Athena.Launcher.Core.Tests/Athena.Launcher.Core.Tests.csproj" />
    <Project Path="tools/launcher/tests/Athena.Launcher.Networking.Tests/Athena.Launcher.Networking.Tests.csproj" />
  </Folder>
</Solution>
